
Microsoft Visual Studio Solution File, Format Version 12.00
# Visual Studio Version 17
VisualStudioVersion = 17.1.32210.238
MinimumVisualStudioVersion = 10.0.40219.1
Project("{8BC9CEB8-8B4A-11D0-8D11-00A0C91BC942}") = "6주차 수업", "6주차 수업\6주차 수업.vcxproj", "{AD2396C5-1827-4191-A68E-3460DB3E4AE2}"
EndProject
Global
	GlobalSection(SolutionConfigurationPlatforms) = preSolution
		Debug|x64 = Debug|x64
		Debug|x86 = Debug|x86
		Release|x64 = Release|x64
		Release|x86 = Release|x86
	EndGlobalSection
	GlobalSection(ProjectConfigurationPlatforms) = postSolution
		{AD2396C5-1827-4191-A68E-3460DB3E4AE2}.Debug|x64.ActiveCfg = Debug|x64
		{AD2396C5-1827-4191-A68E-3460DB3E4AE2}.Debug|x64.Build.0 = Debug|x64
		{AD2396C5-1827-4191-A68E-3460DB3E4AE2}.Debug|x86.ActiveCfg = Debug|Win32
		{AD2396C5-1827-4191-A68E-3460DB3E4AE2}.Debug|x86.Build.0 = Debug|Win32
		{AD2396C5-1827-4191-A68E-3460DB3E4AE2}.Release|x64.ActiveCfg = Release|x64
		{AD2396C5-1827-4191-A68E-3460DB3E4AE2}.Release|x64.Build.0 = Release|x64
		{AD2396C5-1827-4191-A68E-3460DB3E4AE2}.Release|x86.ActiveCfg = Release|Win32
		{AD2396C5-1827-4191-A68E-3460DB3E4AE2}.Release|x86.Build.0 = Release|Win32
	EndGlobalSection
	GlobalSection(SolutionProperties) = preSolution
		HideSolutionNode = FALSE
	EndGlobalSection
	GlobalSection(ExtensibilityGlobals) = postSolution
		SolutionGuid = {2493E697-8450-4AF8-9EDF-E8CA6A0ED713}
	EndGlobalSection
EndGlobal
